<?xml version="1.0" encoding="utf-8"?>
<Project ToolsVersion="4.0" xmlns="http://schemas.microsoft.com/developer/msbuild/2003">
  <ItemGroup>
    <ClCompile Include="main.cpp">
      <Filter>client</Filter>
    </ClCompile>
    <ClCompile Include="ClientOP.cpp">
      <Filter>client</Filter>
    </ClCompile>
    <ClCompile Include="Codec.cpp">
      <Filter>common\codec</Filter>
    </ClCompile>
    <ClCompile Include="CodecFactory.cpp">
      <Filter>common\codec</Filter>
    </ClCompile>
    <ClCompile Include="RequestCodec.cpp">
      <Filter>common\codec</Filter>
    </ClCompile>
    <ClCompile Include="RequestFactory.cpp">
      <Filter>common\codec</Filter>
    </ClCompile>
    <ClCompile Include="RespondCodec.cpp">
      <Filter>common\codec</Filter>
    </ClCompile>
    <ClCompile Include="RespondFactory.cpp">
      <Filter>common\codec</Filter>
    </ClCompile>
    <ClCompile Include="RsaCrypto.cpp">
      <Filter>common\crypto</Filter>
    </ClCompile>
    <ClCompile Include="Hash.cpp">
      <Filter>common\crypto</Filter>
    </ClCompile>
    <ClCompile Include="TcpSocket.cpp">
      <Filter>common\net</Filter>
    </ClCompile>
    <ClCompile Include="BaseShm.cpp">
      <Filter>common\shm</Filter>
    </ClCompile>
    <ClCompile Include="SecKeyShm.cpp">
      <Filter>common\shm</Filter>
    </ClCompile>
    <ClCompile Include="Message.pb.cc">
      <Filter>common\proto</Filter>
    </ClCompile>
    <ClCompile Include="Logger.cpp">
      <Filter>common\util</Filter>
    </ClCompile>
    <ClCompile Include="Base64Util.cpp">
      <Filter>common\util</Filter>
    </ClCompile>
    <ClCompile Include="Config.cpp">
      <Filter>common\util</Filter>
    </ClCompile>
    <ClCompile Include="MessageV2.pb.cc">
      <Filter>common\proto</Filter>
    </ClCompile>
    <ClCompile Include="V2RequestCodec.cpp">
      <Filter>common\codec</Filter>
    </ClCompile>
    <ClCompile Include="V2RespondCodec.cpp">
      <Filter>common\codec</Filter>
    </ClCompile>
  </ItemGroup>
  <ItemGroup>
    <ClInclude Include="ClientOP.h">
      <Filter>client</Filter>
    </ClInclude>
    <ClInclude Include="Codec.h">
      <Filter>common\codec</Filter>
    </ClInclude>
    <ClInclude Include="CodecFactory.h">
      <Filter>common\codec</Filter>
    </ClInclude>
    <ClInclude Include="RequestCodec.h">
      <Filter>common\codec</Filter>
    </ClInclude>
    <ClInclude Include="RequestFactory.h">
      <Filter>common\codec</Filter>
    </ClInclude>
    <ClInclude Include="RespondCodec.h">
      <Filter>common\codec</Filter>
    </ClInclude>
    <ClInclude Include="RespondFactory.h">
      <Filter>common\codec</Filter>
    </ClInclude>
    <ClInclude Include="RsaCrypto.h">
      <Filter>common\crypto</Filter>
    </ClInclude>
    <ClInclude Include="Hash.h">
      <Filter>common\crypto</Filter>
    </ClInclude>
    <ClInclude Include="TcpSocket.h">
      <Filter>common\net</Filter>
    </ClInclude>
    <ClInclude Include="BaseShm.h">
      <Filter>common\shm</Filter>
    </ClInclude>
    <ClInclude Include="SecKeyShm.h">
      <Filter>common\shm</Filter>
    </ClInclude>
    <ClInclude Include="SeckKeyNodeInfo.h">
      <Filter>common\shm</Filter>
    </ClInclude>
    <ClInclude Include="Message.pb.h">
      <Filter>common\proto</Filter>
    </ClInclude>
    <ClInclude Include="ErrorCode.h">
      <Filter>common\util</Filter>
    </ClInclude>
    <ClInclude Include="Logger.h">
      <Filter>common\util</Filter>
    </ClInclude>
    <ClInclude Include="Base64Util.h">
      <Filter>common\util</Filter>
    </ClInclude>
    <ClInclude Include="Config.h">
      <Filter>common\util</Filter>
    </ClInclude>
    <ClInclude Include="MessageV2.pb.h">
      <Filter>common\proto</Filter>
    </ClInclude>
    <ClInclude Include="V2RequestCodec.h">
      <Filter>common\codec</Filter>
    </ClInclude>
    <ClInclude Include="V2RespondCodec.h">
      <Filter>common\codec</Filter>
    </ClInclude>
  </ItemGroup>
  <ItemGroup>
    <Filter Include="client">
      <UniqueIdentifier>{86ec4709-1f8b-40ed-9bb2-529a3fb6a3af}</UniqueIdentifier>
    </Filter>
    <Filter Include="common">
      <UniqueIdentifier>{80a3b514-a949-4b6d-95d3-ec48f27b271d}</UniqueIdentifier>
    </Filter>
    <Filter Include="common\codec">
      <UniqueIdentifier>{cc3fb4a7-e95c-4d5b-8d1d-daccdecf2be8}</UniqueIdentifier>
    </Filter>
    <Filter Include="common\crypto">
      <UniqueIdentifier>{e404864a-7795-4261-a5f2-5e4f4f8f4075}</UniqueIdentifier>
    </Filter>
    <Filter Include="common\net">
      <UniqueIdentifier>{811f882e-c3cb-4565-aad9-75701d2f212b}</UniqueIdentifier>
    </Filter>
    <Filter Include="common\shm">
      <UniqueIdentifier>{00e77d67-ff97-4b58-9e2c-305086974f5e}</UniqueIdentifier>
    </Filter>
    <Filter Include="common\proto">
      <UniqueIdentifier>{d4aad9ce-8b58-48a3-94ff-38c82e72a884}</UniqueIdentifier>
    </Filter>
    <Filter Include="common\util">
      <UniqueIdentifier>{8cb5987d-aa35-45dd-8edd-5ad69bfc9e78}</UniqueIdentifier>
    </Filter>
  </ItemGroup>
</Project>